
Microsoft Visual Studio Solution File, Format Version 10.00
# Visual Studio 2008
Project("{8BC9CEB8-8B4A-11D0-8D11-00A0C91BC942}") = "libqbabel", "libqbabel.vcproj", "{A338640A-B163-3251-B0BF-CA603254EF80}"
EndProject
Project("{8BC9CEB8-8B4A-11D0-8D11-00A0C91BC942}") = "qbabeltest", "test\babeltest\qbabeltest.vcproj", "{73874679-8E8C-33BA-9A00-7B0FEDAF9BF6}"
EndProject
Global
	GlobalSection(SolutionConfigurationPlatforms) = preSolution
		Debug|Win32 = Debug|Win32
		Release|Win32 = Release|Win32
	EndGlobalSection
	GlobalSection(ProjectConfigurationPlatforms) = postSolution
		{A338640A-B163-3251-B0BF-CA603254EF80}.Debug|Win32.ActiveCfg = Debug|Win32
		{A338640A-B163-3251-B0BF-CA603254EF80}.Debug|Win32.Build.0 = Debug|Win32
		{A338640A-B163-3251-B0BF-CA603254EF80}.Release|Win32.ActiveCfg = Release|Win32
		{A338640A-B163-3251-B0BF-CA603254EF80}.Release|Win32.Build.0 = Release|Win32
		{73874679-8E8C-33BA-9A00-7B0FEDAF9BF6}.Debug|Win32.ActiveCfg = Debug|Win32
		{73874679-8E8C-33BA-9A00-7B0FEDAF9BF6}.Debug|Win32.Build.0 = Debug|Win32
		{73874679-8E8C-33BA-9A00-7B0FEDAF9BF6}.Release|Win32.ActiveCfg = Release|Win32
		{73874679-8E8C-33BA-9A00-7B0FEDAF9BF6}.Release|Win32.Build.0 = Release|Win32
	EndGlobalSection
	GlobalSection(SolutionProperties) = preSolution
		HideSolutionNode = FALSE
	EndGlobalSection
EndGlobal
